<?xml version="1.0" encoding="utf-8"?>
<Project ToolsVersion="4.0" xmlns="http://schemas.microsoft.com/developer/msbuild/2003">
  <ItemGroup>
    <Filter Include="Source Files">
      <UniqueIdentifier>{4FC737F1-C7A5-4376-A066-2A32D752A2FF}</UniqueIdentifier>
      <Extensions>cpp;c;cc;cxx;c++;cppm;ixx;def;odl;idl;hpj;bat;asm;asmx</Extensions>
    </Filter>
    <Filter Include="Header Files">
      <UniqueIdentifier>{93995380-89BD-4b04-88EB-625FBE52EBFB}</UniqueIdentifier>
      <Extensions>h;hh;hpp;hxx;h++;hm;inl;inc;ipp;xsd</Extensions>
    </Filter>
    <Filter Include="Resource Files">
      <UniqueIdentifier>{67DA6AB6-F800-4c08-8B7A-83BB121AAD01}</UniqueIdentifier>
      <Extensions>rc;ico;cur;bmp;dlg;rc2;rct;bin;rgs;gif;jpg;jpeg;jpe;resx;tiff;tif;png;wav;mfcribbon-ms</Extensions>
    </Filter>
    <Filter Include="Header Files\Elements">
      <UniqueIdentifier>{f0c9c21c-9f2d-4b6a-b661-093812b1d350}</UniqueIdentifier>
    </Filter>
    <Filter Include="Source Files\Elements">
      <UniqueIdentifier>{75d6357e-376a-4741-955e-ab86e10194b2}</UniqueIdentifier>
    </Filter>
  </ItemGroup>
  <ItemGroup>
    <ClCompile Include="main.cpp">
      <Filter>Source Files</Filter>
    </ClCompile>
    <ClCompile Include="Square.cpp">
      <Filter>Source Files</Filter>
    </ClCompile>
    <ClCompile Include="Map.cpp">
      <Filter>Source Files</Filter>
    </ClCompile>
    <ClCompile Include="Empty.cpp">
      <Filter>Source Files\Elements</Filter>
    </ClCompile>
    <ClCompile Include="Ground.cpp">
      <Filter>Source Files\Elements</Filter>
    </ClCompile>
    <ClCompile Include="Out.cpp">
      <Filter>Source Files\Elements</Filter>
    </ClCompile>
    <ClCompile Include="Element.cpp">
      <Filter>Source Files\Elements</Filter>
    </ClCompile>
    <ClCompile Include="Sand.cpp">
      <Filter>Source Files\Elements</Filter>
    </ClCompile>
    <ClCompile Include="Water.cpp">
      <Filter>Source Files\Elements</Filter>
    </ClCompile>
    <ClCompile Include="Liquid.cpp">
      <Filter>Source Files\Elements</Filter>
    </ClCompile>
    <ClCompile Include="ImmovableSolid.cpp">
      <Filter>Source Files\Elements</Filter>
    </ClCompile>
    <ClCompile Include="MoveableSolid.cpp">
      <Filter>Source Files\Elements</Filter>
    </ClCompile>
    <ClCompile Include="Random.cpp">
      <Filter>Source Files</Filter>
    </ClCompile>
    <ClCompile Include="Trail.cpp">
      <Filter>Source Files</Filter>
    </ClCompile>
    <ClCompile Include="FakeLiquid.cpp">
      <Filter>Source Files\Elements</Filter>
    </ClCompile>
  </ItemGroup>
  <ItemGroup>
    <ClInclude Include="Square.h">
      <Filter>Header Files</Filter>
    </ClInclude>
    <ClInclude Include="Map.h">
      <Filter>Header Files</Filter>
    </ClInclude>
    <ClInclude Include="Empty.h">
      <Filter>Header Files\Elements</Filter>
    </ClInclude>
    <ClInclude Include="Ground.h">
      <Filter>Header Files\Elements</Filter>
    </ClInclude>
    <ClInclude Include="Out.h">
      <Filter>Header Files\Elements</Filter>
    </ClInclude>
    <ClInclude Include="Element.h">
      <Filter>Header Files\Elements</Filter>
    </ClInclude>
    <ClInclude Include="Elements.h">
      <Filter>Header Files\Elements</Filter>
    </ClInclude>
    <ClInclude Include="Sand.h">
      <Filter>Header Files\Elements</Filter>
    </ClInclude>
    <ClInclude Include="Water.h">
      <Filter>Header Files\Elements</Filter>
    </ClInclude>
    <ClInclude Include="Liquid.h">
      <Filter>Header Files\Elements</Filter>
    </ClInclude>
    <ClInclude Include="MoveableSolid.h">
      <Filter>Header Files\Elements</Filter>
    </ClInclude>
    <ClInclude Include="ImmovableSolid.h">
      <Filter>Header Files\Elements</Filter>
    </ClInclude>
    <ClInclude Include="Random.h">
      <Filter>Header Files</Filter>
    </ClInclude>
    <ClInclude Include="Trail.h">
      <Filter>Header Files</Filter>
    </ClInclude>
    <ClInclude Include="FakeLiquid.h">
      <Filter>Header Files</Filter>
    </ClInclude>
  </ItemGroup>
</Project>